# THIS IS AN AUTOGENERATED FILE. DO NOT EDIT THIS FILE DIRECTLY.
# yarn lockfile v1


"@babel/runtime@^7.0.0":
  version "7.3.4"
  resolved "https://registry.yarnpkg.com/@babel/runtime/-/runtime-7.3.4.tgz#73d12ba819e365fcf7fd152aed56d6df97d21c83"
  integrity sha512-IvfvnMdSaLBateu0jfsYIpZTxAc2cKEXEMiezGGN75QcBcecDUKd3PgLAncT0oOgxKy8dd8hrJKj9MfzgfZd6g==
  dependencies:
    regenerator-runtime "^0.12.0"

"@babel/runtime@^7.6.3", "@babel/runtime@^7.9.2":
  version "7.23.2"
  resolved "http://10.2.3.103:8082/@babel%2fruntime/-/runtime-7.23.2.tgz#062b0ac103261d68a966c4c7baf2ae3e62ec3885"
  integrity sha512-mM8eg4yl5D6i3lu2QKPuPH4FArvJ8KhTofbE7jwMUv9KX5mBvwPAqnV3MlyBNqdp9RyRKP6Yck8TrfYrPvX3bg==
  dependencies:
    regenerator-runtime "^0.14.0"

"@redux-saga/core@^1.2.3":
  version "1.2.3"
  resolved "http://10.2.3.103:8082/@redux-saga%2fcore/-/core-1.2.3.tgz#882ed9ac58b5f42c6abb23349542315b871de305"
  integrity sha512-U1JO6ncFBAklFTwoQ3mjAeQZ6QGutsJzwNBjgVLSWDpZTRhobUzuVDS1qH3SKGJD8fvqoaYOjp6XJ3gCmeZWgA==
  dependencies:
    "@babel/runtime" "^7.6.3"
    "@redux-saga/deferred" "^1.2.1"
    "@redux-saga/delay-p" "^1.2.1"
    "@redux-saga/is" "^1.1.3"
    "@redux-saga/symbols" "^1.1.3"
    "@redux-saga/types" "^1.2.1"
    redux "^4.0.4"
    typescript-tuple "^2.2.1"

"@redux-saga/deferred@^1.2.1":
  version "1.2.1"
  resolved "http://10.2.3.103:8082/@redux-saga%2fdeferred/-/deferred-1.2.1.tgz#aca373a08ccafd6f3481037f2f7ee97f2c87c3ec"
  integrity sha512-cmin3IuuzMdfQjA0lG4B+jX+9HdTgHZZ+6u3jRAOwGUxy77GSlTi4Qp2d6PM1PUoTmQUR5aijlA39scWWPF31g==

"@redux-saga/delay-p@^1.2.1":
  version "1.2.1"
  resolved "http://10.2.3.103:8082/@redux-saga%2fdelay-p/-/delay-p-1.2.1.tgz#e72ac4731c5080a21f75b61bedc31cb639d9e446"
  integrity sha512-MdiDxZdvb1m+Y0s4/hgdcAXntpUytr9g0hpcOO1XFVyyzkrDu3SKPgBFOtHn7lhu7n24ZKIAT1qtKyQjHqRd+w==
  dependencies:
    "@redux-saga/symbols" "^1.1.3"

"@redux-saga/is@^1.1.3":
  version "1.1.3"
  resolved "http://10.2.3.103:8082/@redux-saga%2fis/-/is-1.1.3.tgz#b333f31967e87e32b4e6b02c75b78d609dd4ad73"
  integrity sha512-naXrkETG1jLRfVfhOx/ZdLj0EyAzHYbgJWkXbB3qFliPcHKiWbv/ULQryOAEKyjrhiclmr6AMdgsXFyx7/yE6Q==
  dependencies:
    "@redux-saga/symbols" "^1.1.3"
    "@redux-saga/types" "^1.2.1"

"@redux-saga/symbols@^1.1.3":
  version "1.1.3"
  resolved "http://10.2.3.103:8082/@redux-saga%2fsymbols/-/symbols-1.1.3.tgz#b731d56201719e96dc887dc3ae9016e761654367"
  integrity sha512-hCx6ZvU4QAEUojETnX8EVg4ubNLBFl1Lps4j2tX7o45x/2qg37m3c6v+kSp8xjDJY+2tJw4QB3j8o8dsl1FDXg==

"@redux-saga/types@^1.2.1":
  version "1.2.1"
  resolved "http://10.2.3.103:8082/@redux-saga%2ftypes/-/types-1.2.1.tgz#9403f51c17cae37edf870c6bc0c81c1ece5ccef8"
  integrity sha512-1dgmkh+3so0+LlBWRhGA33ua4MYr7tUOj+a9Si28vUi0IUFNbff1T3sgpeDJI/LaC75bBYnQ0A3wXjn0OrRNBA==

any-promise@^1.0.0:
  version "1.3.0"
  resolved "http://10.2.3.103:8082/any-promise/-/any-promise-1.3.0.tgz#abc6afeedcea52e809cdc0376aed3ce39635d17f"
  integrity sha1-q8av7tzqUugJzcA3au0845Y10X8=

core-util-is@^1.0.2:
  version "1.0.3"
  resolved "http://10.2.3.103:8082/core-util-is/-/core-util-is-1.0.3.tgz#a6042d3634c2b27e9328f837b965fac83808db85"
  integrity sha1-pgQtNjTCsn6TKPg3uWX6yDgI24U=

dom-walk@^0.1.0:
  version "0.1.1"
  resolved "https://registry.yarnpkg.com/dom-walk/-/dom-walk-0.1.1.tgz#672226dc74c8f799ad35307df936aba11acd6018"
  integrity sha1-ZyIm3HTI95mtNTB9+TaroRrNYBg=

flatten@^1.0.2:
  version "1.0.2"
  resolved "https://registry.yarnpkg.com/flatten/-/flatten-1.0.2.tgz#dae46a9d78fbe25292258cc1e780a41d95c03782"
  integrity sha1-2uRqnXj74lKSJYzB54CkHZXAN4I=

global@^4.3.2:
  version "4.3.2"
  resolved "https://registry.yarnpkg.com/global/-/global-4.3.2.tgz#e76989268a6c74c38908b1305b10fc0e394e9d0f"
  integrity sha1-52mJJopsdMOJCLEwWxD8DjlOnQ8=
  dependencies:
    min-document "^2.19.0"
    process "~0.5.1"

invariant@^2.2.1:
  version "2.2.4"
  resolved "https://registry.yarnpkg.com/invariant/-/invariant-2.2.4.tgz#610f3c92c9359ce1db616e538008d23ff35158e6"
  integrity sha512-phJfQVBuaJM5raOpJjSfkiD6BpbCE4Ns//LaXl6wGYtUBY83nWS6Rf9tXm2e8VaK60JEjYldbPif/A2B1C2gNA==
  dependencies:
    loose-envify "^1.0.0"

is-class-hotfix@~0.0.6:
  version "0.0.6"
  resolved "http://10.2.3.103:8082/is-class-hotfix/-/is-class-hotfix-0.0.6.tgz#a527d31fb23279281dde5f385c77b5de70a72435"
  integrity sha512-0n+pzCC6ICtVr/WXnN2f03TK/3BfXY7me4cjCAqT8TYXEl0+JBRoqBo94JJHXcyDSLUeWbNX8Fvy5g5RJdAstQ==

is-plain-object@^2.0.3:
  version "2.0.4"
  resolved "https://registry.yarnpkg.com/is-plain-object/-/is-plain-object-2.0.4.tgz#2c163b3fafb1b606d9d17928f05c2a1c38e07677"
  integrity sha512-h5PpgXkWitc38BBMYawTYMWJHFZJVnBquFE57xFpjB8pJFiF6gZ+bU+WyI/yqXiFR5mdLsgYNaPe8uao6Uv9Og==
  dependencies:
    isobject "^3.0.1"

is-type-of@^1.2.1:
  version "1.4.0"
  resolved "http://10.2.3.103:8082/is-type-of/-/is-type-of-1.4.0.tgz#3ed175a0eee888b1da4983332e7714feb8a8fb2b"
  integrity sha512-EddYllaovi5ysMLMEN7yzHEKh8A850cZ7pykrY1aNRQGn/CDjRDE9qEWbIdt7xGEVJmjBXzU/fNnC4ABTm8tEQ==
  dependencies:
    core-util-is "^1.0.2"
    is-class-hotfix "~0.0.6"
    isstream "~0.1.2"

isobject@^3.0.1:
  version "3.0.1"
  resolved "https://registry.yarnpkg.com/isobject/-/isobject-3.0.1.tgz#4e431e92b11a9731636aa1f9c8d1ccbcfdab78df"
  integrity sha1-TkMekrEalzFjaqH5yNHMvP2reN8=

isstream@~0.1.2:
  version "0.1.2"
  resolved "http://10.2.3.103:8082/isstream/-/isstream-0.1.2.tgz#47e63f7af55afa6f92e1500e690eb8b8529c099a"
  integrity sha1-R+Y/evVa+m+S4VAOaQ64uFKcCZo=

"js-tokens@^3.0.0 || ^4.0.0":
  version "4.0.0"
  resolved "https://registry.yarnpkg.com/js-tokens/-/js-tokens-4.0.0.tgz#19203fb59991df98e3a287050d4647cdeaf32499"
  integrity sha512-RdJUflcE3cUzKiMqQgsCu06FPu9UdIJO0beYbPhHN4k6apgJtifcoCtT9bcxOpYBtpD2kCM6Sbzg4CausW/PKQ==

loose-envify@^1.0.0:
  version "1.4.0"
  resolved "https://registry.yarnpkg.com/loose-envify/-/loose-envify-1.4.0.tgz#71ee51fa7be4caec1a63839f7e682d8132d30caf"
  integrity sha512-lyuxPGr/Wfhrlem2CL/UcnUc1zcqKAImBDzukY7Y5F/yQiNdko6+fRLevlw1HgMySw7f611UIY408EtxRSoK3Q==
  dependencies:
    js-tokens "^3.0.0 || ^4.0.0"

min-document@^2.19.0:
  version "2.19.0"
  resolved "https://registry.yarnpkg.com/min-document/-/min-document-2.19.0.tgz#7bd282e3f5842ed295bb748cdd9f1ffa2c824685"
  integrity sha1-e9KC4/WELtKVu3SM3Z8f+iyCRoU=
  dependencies:
    dom-walk "^0.1.0"

mm@^3.3.0:
  version "3.3.0"
  resolved "http://10.2.3.103:8082/mm/-/mm-3.3.0.tgz#51ea0e533e9c16e82eaea92d76d5cdcbac1806a6"
  integrity sha512-oR7N3mhs1ccWqK9HpVhhWjYIJneH4k4+HKPODyZ3HWPal8Vh+4HIb+v8jGmqJVg0fZmy0v554SuS7ZdyL7ejWQ==
  dependencies:
    is-type-of "^1.2.1"
    muk-prop "^1.2.1"
    thenify "^3.3.0"

muk-prop@^1.2.1:
  version "1.2.1"
  resolved "http://10.2.3.103:8082/muk-prop/-/muk-prop-1.2.1.tgz#40fa3d6e93553b2016a9fb77d8918568c57ae14d"
  integrity sha1-QPo9bpNVOyAWqft32JGFaMV64U0=

process@~0.5.1:
  version "0.5.2"
  resolved "https://registry.yarnpkg.com/process/-/process-0.5.2.tgz#1638d8a8e34c2f440a91db95ab9aeb677fc185cf"
  integrity sha1-FjjYqONML0QKkduVq5rrZ3/Bhc8=

redux-saga@^1.2.3:
  version "1.2.3"
  resolved "http://10.2.3.103:8082/redux-saga/-/redux-saga-1.2.3.tgz#7362f78a0235868daf1210f8862a95906ac018a1"
  integrity sha512-HDe0wTR5nhd8Xr5xjGzoyTbdAw6rjy1GDplFt3JKtKN8/MnkQSRqK/n6aQQhpw5NI4ekDVOaW+w4sdxPBaCoTQ==
  dependencies:
    "@redux-saga/core" "^1.2.3"

redux@^4.0.4, redux@^4.2.1:
  version "4.2.1"
  resolved "http://10.2.3.103:8082/redux/-/redux-4.2.1.tgz#c08f4306826c49b5e9dc901dee0452ea8fce6197"
  integrity sha512-LAUYz4lc+Do8/g7aeRa8JkyDErK6ekstQaqWQrNRW//MY1TvCEpMtpTWvlQ+FPbWCx+Xixu/6SHt5N0HR+SB4w==
  dependencies:
    "@babel/runtime" "^7.9.2"

regenerator-runtime@^0.12.0:
  version "0.12.1"
  resolved "https://registry.yarnpkg.com/regenerator-runtime/-/regenerator-runtime-0.12.1.tgz#fa1a71544764c036f8c49b13a08b2594c9f8a0de"
  integrity sha512-odxIc1/vDlo4iZcfXqRYFj0vpXFNoGdKMAUieAlFYO6m/nl5e9KR/beGf41z4a1FI+aQgtjhuaSlDxQ0hmkrHg==

regenerator-runtime@^0.14.0:
  version "0.14.0"
  resolved "http://10.2.3.103:8082/regenerator-runtime/-/regenerator-runtime-0.14.0.tgz#5e19d68eb12d486f797e15a3c6a918f7cec5eb45"
  integrity sha512-srw17NI0TUWHuGa5CFGGmhfNIeja30WMBfbslPNhf6JrqQlLN5gcrvig1oqPxiVaXb0oW0XRKtH6Nngs5lKCIA==

thenify@^3.3.0:
  version "3.3.1"
  resolved "http://10.2.3.103:8082/thenify/-/thenify-3.3.1.tgz#8932e686a4066038a016dd9e2ca46add9838a95f"
  integrity sha512-RVZSIV5IG10Hk3enotrhvz0T9em6cyHBLkH/YAZuKqd8hRkKhSfCGIcP2KUY0EPxndzANBmNllzWPwak+bheSw==
  dependencies:
    any-promise "^1.0.0"

typescript-compare@^0.0.2:
  version "0.0.2"
  resolved "http://10.2.3.103:8082/typescript-compare/-/typescript-compare-0.0.2.tgz#7ee40a400a406c2ea0a7e551efd3309021d5f425"
  integrity sha1-fuQKQApAbC6gp+VR79MwkCHV9CU=
  dependencies:
    typescript-logic "^0.0.0"

typescript-logic@^0.0.0:
  version "0.0.0"
  resolved "http://10.2.3.103:8082/typescript-logic/-/typescript-logic-0.0.0.tgz#66ebd82a2548f2b444a43667bec120b496890196"
  integrity sha1-ZuvYKiVI8rREpDZnvsEgtJaJAZY=

typescript-tuple@^2.2.1:
  version "2.2.1"
  resolved "http://10.2.3.103:8082/typescript-tuple/-/typescript-tuple-2.2.1.tgz#7d9813fb4b355f69ac55032e0363e8bb0f04dad2"
  integrity sha1-fZgT+0s1X2msVQMuA2Pouw8E2tI=
  dependencies:
    typescript-compare "^0.0.2"

warning@^3.0.0:
  version "3.0.0"
  resolved "https://registry.yarnpkg.com/warning/-/warning-3.0.0.tgz#32e5377cb572de4ab04753bdf8821c01ed605b7c"
  integrity sha1-MuU3fLVy3kqwR1O9+IIcAe1gW3w=
  dependencies:
    loose-envify "^1.0.0"
